
Microsoft Visual Studio Solution File, Format Version 12.00
# Visual Studio 14
VisualStudioVersion = 14.0.25420.1
MinimumVisualStudioVersion = 10.0.40219.1
Project("{2150E333-8FDC-42A3-9474-1A3956D46DE8}") = "ApiApplication", "ApiApplication", "{1F433A63-0D87-4A48-AE68-C60B027C4D14}"
EndProject
Project("{2150E333-8FDC-42A3-9474-1A3956D46DE8}") = "DesktopApplication", "DesktopApplication", "{F120793B-1C35-429A-8D2B-A5258238DB8F}"
EndProject
Project("{FAE04EC0-301F-11D3-BF4B-00C04F79EFBC}") = "ISVSUR.Contract", "ISVSUR.Contract\ISVSUR.Contract.csproj", "{2F9887DD-930C-444E-B71D-D35B636B67B3}"
EndProject
Project("{FAE04EC0-301F-11D3-BF4B-00C04F79EFBC}") = "ISVSUR.DATA", "ISVSUR.DATA\ISVSUR.DATA.csproj", "{098C2E2E-DC15-4363-B420-4A073E76BC10}"
EndProject
Project("{FAE04EC0-301F-11D3-BF4B-00C04F79EFBC}") = "ISVSUR.Entity", "ISVSUR.Entity\ISVSUR.Entity.csproj", "{8C70967F-3F4D-453C-B5BB-FF59D26B0B01}"
EndProject
Project("{FAE04EC0-301F-11D3-BF4B-00C04F79EFBC}") = "ISVSUR.Logic", "ISVSUR.Logic\ISVSUR.Logic.csproj", "{61C5E74B-F588-4C31-A6CA-77BED497BECD}"
EndProject
Project("{FAE04EC0-301F-11D3-BF4B-00C04F79EFBC}") = "ISVSUR.UI", "ISVSUR.UI\ISVSUR.UI.csproj", "{7EE8AC7C-D932-4C51-9915-0D1850979C5E}"
EndProject
Global
	GlobalSection(SolutionConfigurationPlatforms) = preSolution
		Debug|Any CPU = Debug|Any CPU
		Release|Any CPU = Release|Any CPU
	EndGlobalSection
	GlobalSection(ProjectConfigurationPlatforms) = postSolution
		{2F9887DD-930C-444E-B71D-D35B636B67B3}.Debug|Any CPU.ActiveCfg = Debug|Any CPU
		{2F9887DD-930C-444E-B71D-D35B636B67B3}.Debug|Any CPU.Build.0 = Debug|Any CPU
		{2F9887DD-930C-444E-B71D-D35B636B67B3}.Release|Any CPU.ActiveCfg = Release|Any CPU
		{2F9887DD-930C-444E-B71D-D35B636B67B3}.Release|Any CPU.Build.0 = Release|Any CPU
		{098C2E2E-DC15-4363-B420-4A073E76BC10}.Debug|Any CPU.ActiveCfg = Debug|Any CPU
		{098C2E2E-DC15-4363-B420-4A073E76BC10}.Debug|Any CPU.Build.0 = Debug|Any CPU
		{098C2E2E-DC15-4363-B420-4A073E76BC10}.Release|Any CPU.ActiveCfg = Release|Any CPU
		{098C2E2E-DC15-4363-B420-4A073E76BC10}.Release|Any CPU.Build.0 = Release|Any CPU
		{8C70967F-3F4D-453C-B5BB-FF59D26B0B01}.Debug|Any CPU.ActiveCfg = Debug|Any CPU
		{8C70967F-3F4D-453C-B5BB-FF59D26B0B01}.Debug|Any CPU.Build.0 = Debug|Any CPU
		{8C70967F-3F4D-453C-B5BB-FF59D26B0B01}.Release|Any CPU.ActiveCfg = Release|Any CPU
		{8C70967F-3F4D-453C-B5BB-FF59D26B0B01}.Release|Any CPU.Build.0 = Release|Any CPU
		{61C5E74B-F588-4C31-A6CA-77BED497BECD}.Debug|Any CPU.ActiveCfg = Debug|Any CPU
		{61C5E74B-F588-4C31-A6CA-77BED497BECD}.Debug|Any CPU.Build.0 = Debug|Any CPU
		{61C5E74B-F588-4C31-A6CA-77BED497BECD}.Release|Any CPU.ActiveCfg = Release|Any CPU
		{61C5E74B-F588-4C31-A6CA-77BED497BECD}.Release|Any CPU.Build.0 = Release|Any CPU
		{7EE8AC7C-D932-4C51-9915-0D1850979C5E}.Debug|Any CPU.ActiveCfg = Debug|Any CPU
		{7EE8AC7C-D932-4C51-9915-0D1850979C5E}.Debug|Any CPU.Build.0 = Debug|Any CPU
		{7EE8AC7C-D932-4C51-9915-0D1850979C5E}.Release|Any CPU.ActiveCfg = Release|Any CPU
		{7EE8AC7C-D932-4C51-9915-0D1850979C5E}.Release|Any CPU.Build.0 = Release|Any CPU
	EndGlobalSection
	GlobalSection(SolutionProperties) = preSolution
		HideSolutionNode = FALSE
	EndGlobalSection
	GlobalSection(NestedProjects) = preSolution
		{2F9887DD-930C-444E-B71D-D35B636B67B3} = {F120793B-1C35-429A-8D2B-A5258238DB8F}
		{098C2E2E-DC15-4363-B420-4A073E76BC10} = {F120793B-1C35-429A-8D2B-A5258238DB8F}
		{8C70967F-3F4D-453C-B5BB-FF59D26B0B01} = {F120793B-1C35-429A-8D2B-A5258238DB8F}
		{61C5E74B-F588-4C31-A6CA-77BED497BECD} = {F120793B-1C35-429A-8D2B-A5258238DB8F}
		{7EE8AC7C-D932-4C51-9915-0D1850979C5E} = {F120793B-1C35-429A-8D2B-A5258238DB8F}
	EndGlobalSection
EndGlobal
